// !$*UTF8*$!
{
	archiveVersion = 1;
	classes = {
	};
	objectVersion = 50;
	objects = {

/* Begin PBXBuildFile section */
		63214D76244FC92F007E8659 /* AppDelegate.swift in Sources */ = {isa = PBXBuildFile; fileRef = 63214D75244FC92F007E8659 /* AppDelegate.swift */; };
		63214D78244FC92F007E8659 /* SceneDelegate.swift in Sources */ = {isa = PBXBuildFile; fileRef = 63214D77244FC92F007E8659 /* SceneDelegate.swift */; };
		63214D7A244FC92F007E8659 /* ViewController.swift in Sources */ = {isa = PBXBuildFile; fileRef = 63214D79244FC92F007E8659 /* ViewController.swift */; };
		63214D7D244FC92F007E8659 /* Main.storyboard in Resources */ = {isa = PBXBuildFile; fileRef = 63214D7B244FC92F007E8659 /* Main.storyboard */; };
		63214D7F244FC931007E8659 /* Assets.xcassets in Resources */ = {isa = PBXBuildFile; fileRef = 63214D7E244FC931007E8659 /* Assets.xcassets */; };
		63214D82244FC931007E8659 /* LaunchScreen.storyboard in Resources */ = {isa = PBXBuildFile; fileRef = 63214D80244FC931007E8659 /* LaunchScreen.storyboard */; };
		63214D8D244FC931007E8659 /* pruebaTests.swift in Sources */ = {isa = PBXBuildFile; fileRef = 63214D8C244FC931007E8659 /* pruebaTests.swift */; };
		63214D98244FC931007E8659 /* pruebaUITests.swift in Sources */ = {isa = PBXBuildFile; fileRef = 63214D97244FC931007E8659 /* pruebaUITests.swift */; };
		633A26CD24526D8500DCFA1E /* RegistroViewController.swift in Sources */ = {isa = PBXBuildFile; fileRef = 633A26CC24526D8500DCFA1E /* RegistroViewController.swift */; };
		633A26CF2452731000DCFA1E /* TabUnoViewController.swift in Sources */ = {isa = PBXBuildFile; fileRef = 633A26CE2452731000DCFA1E /* TabUnoViewController.swift */; };
		633A26D1245274BE00DCFA1E /* TabCollectionViewCell.swift in Sources */ = {isa = PBXBuildFile; fileRef = 633A26D0245274BE00DCFA1E /* TabCollectionViewCell.swift */; };
/* End PBXBuildFile section */

/* Begin PBXContainerItemProxy section */
		63214D89244FC931007E8659 /* PBXContainerItemProxy */ = {
			isa = PBXContainerItemProxy;
			containerPortal = 63214D6A244FC92F007E8659 /* Project object */;
			proxyType = 1;
			remoteGlobalIDString = 63214D71244FC92F007E8659;
			remoteInfo = prueba;
		};
		63214D94244FC931007E8659 /* PBXContainerItemProxy */ = {
			isa = PBXContainerItemProxy;
			containerPortal = 63214D6A244FC92F007E8659 /* Project object */;
			proxyType = 1;
			remoteGlobalIDString = 63214D71244FC92F007E8659;
			remoteInfo = prueba;
		};
/* End PBXContainerItemProxy section */

/* Begin PBXFileReference section */
		63214D72244FC92F007E8659 /* prueba.app */ = {isa = PBXFileReference; explicitFileType = wrapper.application; includeInIndex = 0; path = prueba.app; sourceTree = BUILT_PRODUCTS_DIR; };
		63214D75244FC92F007E8659 /* AppDelegate.swift */ = {isa = PBXFileReference; lastKnownFileType = sourcecode.swift; path = AppDelegate.swift; sourceTree = "<group>"; };
		63214D77244FC92F007E8659 /* SceneDelegate.swift */ = {isa = PBXFileReference; lastKnownFileType = sourcecode.swift; path = SceneDelegate.swift; sourceTree = "<group>"; };
		63214D79244FC92F007E8659 /* ViewController.swift */ = {isa = PBXFileReference; lastKnownFileType = sourcecode.swift; path = ViewController.swift; sourceTree = "<group>"; };
		63214D7C244FC92F007E8659 /* Base */ = {isa = PBXFileReference; lastKnownFileType = file.storyboard; name = Base; path = Base.lproj/Main.storyboard; sourceTree = "<group>"; };
		63214D7E244FC931007E8659 /* Assets.xcassets */ = {isa = PBXFileReference; lastKnownFileType = folder.assetcatalog; path = Assets.xcassets; sourceTree = "<group>"; };
		63214D81244FC931007E8659 /* Base */ = {isa = PBXFileReference; lastKnownFileType = file.storyboard; name = Base; path = Base.lproj/LaunchScreen.storyboard; sourceTree = "<group>"; };
		63214D83244FC931007E8659 /* Info.plist */ = {isa = PBXFileReference; lastKnownFileType = text.plist.xml; path = Info.plist; sourceTree = "<group>"; };
		63214D88244FC931007E8659 /* pruebaTests.xctest */ = {isa = PBXFileReference; explicitFileType = wrapper.cfbundle; includeInIndex = 0; path = pruebaTests.xctest; sourceTree = BUILT_PRODUCTS_DIR; };
		63214D8C244FC931007E8659 /* pruebaTests.swift */ = {isa = PBXFileReference; lastKnownFileType = sourcecode.swift; path = pruebaTests.swift; sourceTree = "<group>"; };
		63214D8E244FC931007E8659 /* Info.plist */ = {isa = PBXFileReference; lastKnownFileType = text.plist.xml; path = Info.plist; sourceTree = "<group>"; };
		63214D93244FC931007E8659 /* pruebaUITests.xctest */ = {isa = PBXFileReference; explicitFileType = wrapper.cfbundle; includeInIndex = 0; path = pruebaUITests.xctest; sourceTree = BUILT_PRODUCTS_DIR; };
		63214D97244FC931007E8659 /* pruebaUITests.swift */ = {isa = PBXFileReference; lastKnownFileType = sourcecode.swift; path = pruebaUITests.swift; sourceTree = "<group>"; };
		63214D99244FC931007E8659 /* Info.plist */ = {isa = PBXFileReference; lastKnownFileType = text.plist.xml; path = Info.plist; sourceTree = "<group>"; };
		633A26CC24526D8500DCFA1E /* RegistroViewController.swift */ = {isa = PBXFileReference; lastKnownFileType = sourcecode.swift; path = RegistroViewController.swift; sourceTree = "<group>"; };
		633A26CE2452731000DCFA1E /* TabUnoViewController.swift */ = {isa = PBXFileReference; lastKnownFileType = sourcecode.swift; path = TabUnoViewController.swift; sourceTree = "<group>"; };
		633A26D0245274BE00DCFA1E /* TabCollectionViewCell.swift */ = {isa = PBXFileReference; lastKnownFileType = sourcecode.swift; path = TabCollectionViewCell.swift; sourceTree = "<group>"; };
/* End PBXFileReference section */

/* Begin PBXFrameworksBuildPhase section */
		63214D6F244FC92F007E8659 /* Frameworks */ = {
			isa = PBXFrameworksBuildPhase;
			buildActionMask = 2147483647;
			files = (
			);
			runOnlyForDeploymentPostprocessing = 0;
		};
		63214D85244FC931007E8659 /* Frameworks */ = {
			isa = PBXFrameworksBuildPhase;
			buildActionMask = 2147483647;
			files = (
			);
			runOnlyForDeploymentPostprocessing = 0;
		};
		63214D90244FC931007E8659 /* Frameworks */ = {
			isa = PBXFrameworksBuildPhase;
			buildActionMask = 2147483647;
			files = (
			);
			runOnlyForDeploymentPostprocessing = 0;
		};
/* End PBXFrameworksBuildPhase section */

/* Begin PBXGroup section */
		63214D69244FC92F007E8659 = {
			isa = PBXGroup;
			children = (
				63214D74244FC92F007E8659 /* prueba */,
				63214D8B244FC931007E8659 /* pruebaTests */,
				63214D96244FC931007E8659 /* pruebaUITests */,
				63214D73244FC92F007E8659 /* Products */,
			);
			sourceTree = "<group>";
		};
		63214D73244FC92F007E8659 /* Products */ = {
			isa = PBXGroup;
			children = (
				63214D72244FC92F007E8659 /* prueba.app */,
				63214D88244FC931007E8659 /* pruebaTests.xctest */,
				63214D93244FC931007E8659 /* pruebaUITests.xctest */,
			);
			name = Products;
			sourceTree = "<group>";
		};
		63214D74244FC92F007E8659 /* prueba */ = {
			isa = PBXGroup;
			children = (
				63214D75244FC92F007E8659 /* AppDelegate.swift */,
				63214D77244FC92F007E8659 /* SceneDelegate.swift */,
				63214D79244FC92F007E8659 /* ViewController.swift */,
				63214D7B244FC92F007E8659 /* Main.storyboard */,
				633A26CC24526D8500DCFA1E /* RegistroViewController.swift */,
				633A26CE2452731000DCFA1E /* TabUnoViewController.swift */,
				633A26D0245274BE00DCFA1E /* TabCollectionViewCell.swift */,
				63214D7E244FC931007E8659 /* Assets.xcassets */,
				63214D80244FC931007E8659 /* LaunchScreen.storyboard */,
				63214D83244FC931007E8659 /* Info.plist */,
			);
			path = prueba;
			sourceTree = "<group>";
		};
		63214D8B244FC931007E8659 /* pruebaTests */ = {
			isa = PBXGroup;
			children = (
				63214D8C244FC931007E8659 /* pruebaTests.swift */,
				63214D8E244FC931007E8659 /* Info.plist */,
			);
			path = pruebaTests;
			sourceTree = "<group>";
		};
		63214D96244FC931007E8659 /* pruebaUITests */ = {
			isa = PBXGroup;
			children = (
				63214D97244FC931007E8659 /* pruebaUITests.swift */,
				63214D99244FC931007E8659 /* Info.plist */,
			);
			path = pruebaUITests;
			sourceTree = "<group>";
		};
/* End PBXGroup section */

/* Begin PBXNativeTarget section */
		63214D71244FC92F007E8659 /* prueba */ = {
			isa = PBXNativeTarget;
			buildConfigurationList = 63214D9C244FC931007E8659 /* Build configuration list for PBXNativeTarget "prueba" */;
			buildPhases = (
				63214D6E244FC92F007E8659 /* Sources */,
				63214D6F244FC92F007E8659 /* Frameworks */,
				63214D70244FC92F007E8659 /* Resources */,
			);
			buildRules = (
			);
			dependencies = (
			);
			name = prueba;
			productName = prueba;
			productReference = 63214D72244FC92F007E8659 /* prueba.app */;
			productType = "com.apple.product-type.application";
		};
		63214D87244FC931007E8659 /* pruebaTests */ = {
			isa = PBXNativeTarget;
			buildConfigurationList = 63214D9F244FC931007E8659 /* Build configuration list for PBXNativeTarget "pruebaTests" */;
			buildPhases = (
				63214D84244FC931007E8659 /* Sources */,
				63214D85244FC931007E8659 /* Frameworks */,
				63214D86244FC931007E8659 /* Resources */,
			);
			buildRules = (
			);
			dependencies = (
				63214D8A244FC931007E8659 /* PBXTargetDependency */,
			);
			name = pruebaTests;
			productName = pruebaTests;
			productReference = 63214D88244FC931007E8659 /* pruebaTests.xctest */;
			productType = "com.apple.product-type.bundle.unit-test";
		};
		63214D92244FC931007E8659 /* pruebaUITests */ = {
			isa = PBXNativeTarget;
			buildConfigurationList = 63214DA2244FC931007E8659 /* Build configuration list for PBXNativeTarget "pruebaUITests" */;
			buildPhases = (
				63214D8F244FC931007E8659 /* Sources */,
				63214D90244FC931007E8659 /* Frameworks */,
				63214D91244FC931007E8659 /* Resources */,
			);
			buildRules = (
			);
			dependencies = (
				63214D95244FC931007E8659 /* PBXTargetDependency */,
			);
			name = pruebaUITests;
			productName = pruebaUITests;
			productReference = 63214D93244FC931007E8659 /* pruebaUITests.xctest */;
			productType = "com.apple.product-type.bundle.ui-testing";
		};
/* End PBXNativeTarget section */

/* Begin PBXProject section */
		63214D6A244FC92F007E8659 /* Project object */ = {
			isa = PBXProject;
			attributes = {
				LastSwiftUpdateCheck = 1130;
				LastUpgradeCheck = 1130;
				ORGANIZATIONNAME = meeplab;
				TargetAttributes = {
					63214D71244FC92F007E8659 = {
						CreatedOnToolsVersion = 11.3.1;
					};
					63214D87244FC931007E8659 = {
						CreatedOnToolsVersion = 11.3.1;
						TestTargetID = 63214D71244FC92F007E8659;
					};
					63214D92244FC931007E8659 = {
						CreatedOnToolsVersion = 11.3.1;
						TestTargetID = 63214D71244FC92F007E8659;
					};
				};
			};
			buildConfigurationList = 63214D6D244FC92F007E8659 /* Build configuration list for PBXProject "prueba" */;
			compatibilityVersion = "Xcode 9.3";
			developmentRegion = en;
			hasScannedForEncodings = 0;
			knownRegions = (
				en,
				Base,
			);
			mainGroup = 63214D69244FC92F007E8659;
			productRefGroup = 63214D73244FC92F007E8659 /* Products */;
			projectDirPath = "";
			projectRoot = "";
			targets = (
				63214D71244FC92F007E8659 /* prueba */,
				63214D87244FC931007E8659 /* pruebaTests */,
				63214D92244FC931007E8659 /* pruebaUITests */,
			);
		};
/* End PBXProject section */

/* Begin PBXResourcesBuildPhase section */
		63214D70244FC92F007E8659 /* Resources */ = {
			isa = PBXResourcesBuildPhase;
			buildActionMask = 2147483647;
			files = (
				63214D82244FC931007E8659 /* LaunchScreen.storyboard in Resources */,
				63214D7F244FC931007E8659 /* Assets.xcassets in Resources */,
				63214D7D244FC92F007E8659 /* Main.storyboard in Resources */,
			);
			runOnlyForDeploymentPostprocessing = 0;
		};
		63214D86244FC931007E8659 /* Resources */ = {
			isa = PBXResourcesBuildPhase;
			buildActionMask = 2147483647;
			files = (
			);
			runOnlyForDeploymentPostprocessing = 0;
		};
		63214D91244FC931007E8659 /* Resources */ = {
			isa = PBXResourcesBuildPhase;
			buildActionMask = 2147483647;
			files = (
			);
			runOnlyForDeploymentPostprocessing = 0;
		};
/* End PBXResourcesBuildPhase section */

/* Begin PBXSourcesBuildPhase section */
		63214D6E244FC92F007E8659 /* Sources */ = {
			isa = PBXSourcesBuildPhase;
			buildActionMask = 2147483647;
			files = (
				63214D7A244FC92F007E8659 /* ViewController.swift in Sources */,
				633A26CD24526D8500DCFA1E /* RegistroViewController.swift in Sources */,
				633A26D1245274BE00DCFA1E /* TabCollectionViewCell.swift in Sources */,
				63214D76244FC92F007E8659 /* AppDelegate.swift in Sources */,
				63214D78244FC92F007E8659 /* SceneDelegate.swift in Sources */,
				633A26CF2452731000DCFA1E /* TabUnoViewController.swift in Sources */,
			);
			runOnlyForDeploymentPostprocessing = 0;
		};
		63214D84244FC931007E8659 /* Sources */ = {
			isa = PBXSourcesBuildPhase;
			buildActionMask = 2147483647;
			files = (
				63214D8D244FC931007E8659 /* pruebaTests.swift in Sources */,
			);
			runOnlyForDeploymentPostprocessing = 0;
		};
		63214D8F244FC931007E8659 /* Sources */ = {
			isa = PBXSourcesBuildPhase;
			buildActionMask = 2147483647;
			files = (
				63214D98244FC931007E8659 /* pruebaUITests.swift in Sources */,
			);
			runOnlyForDeploymentPostprocessing = 0;
		};
/* End PBXSourcesBuildPhase section */

/* Begin PBXTargetDependency section */
		63214D8A244FC931007E8659 /* PBXTargetDependency */ = {
			isa = PBXTargetDependency;
			target = 63214D71244FC92F007E8659 /* prueba */;
			targetProxy = 63214D89244FC931007E8659 /* PBXContainerItemProxy */;
		};
		63214D95244FC931007E8659 /* PBXTargetDependency */ = {
			isa = PBXTargetDependency;
			target = 63214D71244FC92F007E8659 /* prueba */;
			targetProxy = 63214D94244FC931007E8659 /* PBXContainerItemProxy */;
		};
/* End PBXTargetDependency section */

/* Begin PBXVariantGroup section */
		63214D7B244FC92F007E8659 /* Main.storyboard */ = {
			isa = PBXVariantGroup;
			children = (
				63214D7C244FC92F007E8659 /* Base */,
			);
			name = Main.storyboard;
			sourceTree = "<group>";
		};
		63214D80244FC931007E8659 /* LaunchScreen.storyboard */ = {
			isa = PBXVariantGroup;
			children = (
				63214D81244FC931007E8659 /* Base */,
			);
			name = LaunchScreen.storyboard;
			sourceTree = "<group>";
		};
/* End PBXVariantGroup section */

/* Begin XCBuildConfiguration section */
		63214D9A244FC931007E8659 /* Debug */ = {
			isa = XCBuildConfiguration;
			buildSettings = {
				ALWAYS_SEARCH_USER_PATHS = NO;
				CLANG_ANALYZER_NONNULL = YES;
				CLANG_ANALYZER_NUMBER_OBJECT_CONVERSION = YES_AGGRESSIVE;
				CLANG_CXX_LANGUAGE_STANDARD = "gnu++14";
				CLANG_CXX_LIBRARY = "libc++";
				CLANG_ENABLE_MODULES = YES;
				CLANG_ENABLE_OBJC_ARC = YES;
				CLANG_ENABLE_OBJC_WEAK = YES;
				CLANG_WARN_BLOCK_CAPTURE_AUTORELEASING = YES;
				CLANG_WARN_BOOL_CONVERSION = YES;
				CLANG_WARN_COMMA = YES;
				CLANG_WARN_CONSTANT_CONVERSION = YES;
				CLANG_WARN_DEPRECATED_OBJC_IMPLEMENTATIONS = YES;
				CLANG_WARN_DIRECT_OBJC_ISA_USAGE = YES_ERROR;
				CLANG_WARN_DOCUMENTATION_COMMENTS = YES;
				CLANG_WARN_EMPTY_BODY = YES;
				CLANG_WARN_ENUM_CONVERSION = YES;
				CLANG_WARN_INFINITE_RECURSION = YES;
				CLANG_WARN_INT_CONVERSION = YES;
				CLANG_WARN_NON_LITERAL_NULL_CONVERSION = YES;
				CLANG_WARN_OBJC_IMPLICIT_RETAIN_SELF = YES;
				CLANG_WARN_OBJC_LITERAL_CONVERSION = YES;
				CLANG_WARN_OBJC_ROOT_CLASS = YES_ERROR;
				CLANG_WARN_RANGE_LOOP_ANALYSIS = YES;
				CLANG_WARN_STRICT_PROTOTYPES = YES;
				CLANG_WARN_SUSPICIOUS_MOVE = YES;
				CLANG_WARN_UNGUARDED_AVAILABILITY = YES_AGGRESSIVE;
				CLANG_WARN_UNREACHABLE_CODE = YES;
				CLANG_WARN__DUPLICATE_METHOD_MATCH = YES;
				COPY_PHASE_STRIP = NO;
				DEBUG_INFORMATION_FORMAT = dwarf;
				ENABLE_STRICT_OBJC_MSGSEND = YES;
				ENABLE_TESTABILITY = YES;
				GCC_C_LANGUAGE_STANDARD = gnu11;
				GCC_DYNAMIC_NO_PIC = NO;
				GCC_NO_COMMON_BLOCKS = YES;
				GCC_OPTIMIZATION_LEVEL = 0;
				GCC_PREPROCESSOR_DEFINITIONS = (
					"DEBUG=1",
					"$(inherited)",
				);
				GCC_WARN_64_TO_32_BIT_CONVERSION = YES;
				GCC_WARN_ABOUT_RETURN_TYPE = YES_ERROR;
				GCC_WARN_UNDECLARED_SELECTOR = YES;
				GCC_WARN_UNINITIALIZED_AUTOS = YES_AGGRESSIVE;
				GCC_WARN_UNUSED_FUNCTION = YES;
				GCC_WARN_UNUSED_VARIABLE = YES;
				IPHONEOS_DEPLOYMENT_TARGET = 13.2;
				MTL_ENABLE_DEBUG_INFO = INCLUDE_SOURCE;
				MTL_FAST_MATH = YES;
				ONLY_ACTIVE_ARCH = YES;
				SDKROOT = iphoneos;
				SWIFT_ACTIVE_COMPILATION_CONDITIONS = DEBUG;
				SWIFT_OPTIMIZATION_LEVEL = "-Onone";
			};
			name = Debug;
		};
		63214D9B244FC931007E8659 /* Release */ = {
			isa = XCBuildConfiguration;
			buildSettings = {
				ALWAYS_SEARCH_USER_PATHS = NO;
				CLANG_ANALYZER_NONNULL = YES;
				CLANG_ANALYZER_NUMBER_OBJECT_CONVERSION = YES_AGGRESSIVE;
				CLANG_CXX_LANGUAGE_STANDARD = "gnu++14";
				CLANG_CXX_LIBRARY = "libc++";
				CLANG_ENABLE_MODULES = YES;
				CLANG_ENABLE_OBJC_ARC = YES;
				CLANG_ENABLE_OBJC_WEAK = YES;
				CLANG_WARN_BLOCK_CAPTURE_AUTORELEASING = YES;
				CLANG_WARN_BOOL_CONVERSION = YES;
				CLANG_WARN_COMMA = YES;
				CLANG_WARN_CONSTANT_CONVERSION = YES;
				CLANG_WARN_DEPRECATED_OBJC_IMPLEMENTATIONS = YES;
				CLANG_WARN_DIRECT_OBJC_ISA_USAGE = YES_ERROR;
				CLANG_WARN_DOCUMENTATION_COMMENTS = YES;
				CLANG_WARN_EMPTY_BODY = YES;
				CLANG_WARN_ENUM_CONVERSION = YES;
				CLANG_WARN_INFINITE_RECURSION = YES;
				CLANG_WARN_INT_CONVERSION = YES;
				CLANG_WARN_NON_LITERAL_NULL_CONVERSION = YES;
				CLANG_WARN_OBJC_IMPLICIT_RETAIN_SELF = YES;
				CLANG_WARN_OBJC_LITERAL_CONVERSION = YES;
				CLANG_WARN_OBJC_ROOT_CLASS = YES_ERROR;
				CLANG_WARN_RANGE_LOOP_ANALYSIS = YES;
				CLANG_WARN_STRICT_PROTOTYPES = YES;
				CLANG_WARN_SUSPICIOUS_MOVE = YES;
				CLANG_WARN_UNGUARDED_AVAILABILITY = YES_AGGRESSIVE;
				CLANG_WARN_UNREACHABLE_CODE = YES;
				CLANG_WARN__DUPLICATE_METHOD_MATCH = YES;
				COPY_PHASE_STRIP = NO;
				DEBUG_INFORMATION_FORMAT = "dwarf-with-dsym";
				ENABLE_NS_ASSERTIONS = NO;
				ENABLE_STRICT_OBJC_MSGSEND = YES;
				GCC_C_LANGUAGE_STANDARD = gnu11;
				GCC_NO_COMMON_BLOCKS = YES;
				GCC_WARN_64_TO_32_BIT_CONVERSION = YES;
				GCC_WARN_ABOUT_RETURN_TYPE = YES_ERROR;
				GCC_WARN_UNDECLARED_SELECTOR = YES;
				GCC_WARN_UNINITIALIZED_AUTOS = YES_AGGRESSIVE;
				GCC_WARN_UNUSED_FUNCTION = YES;
				GCC_WARN_UNUSED_VARIABLE = YES;
				IPHONEOS_DEPLOYMENT_TARGET = 13.2;
				MTL_ENABLE_DEBUG_INFO = NO;
				MTL_FAST_MATH = YES;
				SDKROOT = iphoneos;
				SWIFT_COMPILATION_MODE = wholemodule;
				SWIFT_OPTIMIZATION_LEVEL = "-O";
				VALIDATE_PRODUCT = YES;
			};
			name = Release;
		};
		63214D9D244FC931007E8659 /* Debug */ = {
			isa = XCBuildConfiguration;
			buildSettings = {
				ASSETCATALOG_COMPILER_APPICON_NAME = AppIcon;
				CODE_SIGN_STYLE = Automatic;
				DEVELOPMENT_TEAM = 5N4MAZ49LX;
				INFOPLIST_FILE = prueba/Info.plist;
				IPHONEOS_DEPLOYMENT_TARGET = 13.2;
				LD_RUNPATH_SEARCH_PATHS = (
					"$(inherited)",
					"@executable_path/Frameworks",
				);
				PRODUCT_BUNDLE_IDENTIFIER = com.meeplab.prueba;
				PRODUCT_NAME = "$(TARGET_NAME)";
				SWIFT_VERSION = 5.0;
				TARGETED_DEVICE_FAMILY = "1,2";
			};
			name = Debug;
		};
		63214D9E244FC931007E8659 /* Release */ = {
			isa = XCBuildConfiguration;
			buildSettings = {
				ASSETCATALOG_COMPILER_APPICON_NAME = AppIcon;
				CODE_SIGN_STYLE = Automatic;
				DEVELOPMENT_TEAM = 5N4MAZ49LX;
				INFOPLIST_FILE = prueba/Info.plist;
				IPHONEOS_DEPLOYMENT_TARGET = 13.2;
				LD_RUNPATH_SEARCH_PATHS = (
					"$(inherited)",
					"@executable_path/Frameworks",
				);
				PRODUCT_BUNDLE_IDENTIFIER = com.meeplab.prueba;
				PRODUCT_NAME = "$(TARGET_NAME)";
				SWIFT_VERSION = 5.0;
				TARGETED_DEVICE_FAMILY = "1,2";
			};
			name = Release;
		};
		63214DA0244FC931007E8659 /* Debug */ = {
			isa = XCBuildConfiguration;
			buildSettings = {
				ALWAYS_EMBED_SWIFT_STANDARD_LIBRARIES = YES;
				BUNDLE_LOADER = "$(TEST_HOST)";
				CODE_SIGN_STYLE = Automatic;
				DEVELOPMENT_TEAM = 5N4MAZ49LX;
				INFOPLIST_FILE = pruebaTests/Info.plist;
				IPHONEOS_DEPLOYMENT_TARGET = 13.2;
				LD_RUNPATH_SEARCH_PATHS = (
					"$(inherited)",
					"@executable_path/Frameworks",
					"@loader_path/Frameworks",
				);
				PRODUCT_BUNDLE_IDENTIFIER = com.meeplab.pruebaTests;
				PRODUCT_NAME = "$(TARGET_NAME)";
				SWIFT_VERSION = 5.0;
				TARGETED_DEVICE_FAMILY = "1,2";
				TEST_HOST = "$(BUILT_PRODUCTS_DIR)/prueba.app/prueba";
			};
			name = Debug;
		};
		63214DA1244FC931007E8659 /* Release */ = {
			isa = XCBuildConfiguration;
			buildSettings = {
				ALWAYS_EMBED_SWIFT_STANDARD_LIBRARIES = YES;
				BUNDLE_LOADER = "$(TEST_HOST)";
				CODE_SIGN_STYLE = Automatic;
				DEVELOPMENT_TEAM = 5N4MAZ49LX;
				INFOPLIST_FILE = pruebaTests/Info.plist;
				IPHONEOS_DEPLOYMENT_TARGET = 13.2;
				LD_RUNPATH_SEARCH_PATHS = (
					"$(inherited)",
					"@executable_path/Frameworks",
					"@loader_path/Frameworks",
				);
				PRODUCT_BUNDLE_IDENTIFIER = com.meeplab.pruebaTests;
				PRODUCT_NAME = "$(TARGET_NAME)";
				SWIFT_VERSION = 5.0;
				TARGETED_DEVICE_FAMILY = "1,2";
				TEST_HOST = "$(BUILT_PRODUCTS_DIR)/prueba.app/prueba";
			};
			name = Release;
		};
		63214DA3244FC931007E8659 /* Debug */ = {
			isa = XCBuildConfiguration;
			buildSettings = {
				ALWAYS_EMBED_SWIFT_STANDARD_LIBRARIES = YES;
				CODE_SIGN_STYLE = Automatic;
				DEVELOPMENT_TEAM = 5N4MAZ49LX;
				INFOPLIST_FILE = pruebaUITests/Info.plist;
				LD_RUNPATH_SEARCH_PATHS = (
					"$(inherited)",
					"@executable_path/Frameworks",
					"@loader_path/Frameworks",
				);
				PRODUCT_BUNDLE_IDENTIFIER = com.meeplab.pruebaUITests;
				PRODUCT_NAME = "$(TARGET_NAME)";
				SWIFT_VERSION = 5.0;
				TARGETED_DEVICE_FAMILY = "1,2";
				TEST_TARGET_NAME = prueba;
			};
			name = Debug;
		};
		63214DA4244FC931007E8659 /* Release */ = {
			isa = XCBuildConfiguration;
			buildSettings = {
				ALWAYS_EMBED_SWIFT_STANDARD_LIBRARIES = YES;
				CODE_SIGN_STYLE = Automatic;
				DEVELOPMENT_TEAM = 5N4MAZ49LX;
				INFOPLIST_FILE = pruebaUITests/Info.plist;
				LD_RUNPATH_SEARCH_PATHS = (
					"$(inherited)",
					"@executable_path/Frameworks",
					"@loader_path/Frameworks",
				);
				PRODUCT_BUNDLE_IDENTIFIER = com.meeplab.pruebaUITests;
				PRODUCT_NAME = "$(TARGET_NAME)";
				SWIFT_VERSION = 5.0;
				TARGETED_DEVICE_FAMILY = "1,2";
				TEST_TARGET_NAME = prueba;
			};
			name = Release;
		};
/* End XCBuildConfiguration section */

/* Begin XCConfigurationList section */
		63214D6D244FC92F007E8659 /* Build configuration list for PBXProject "prueba" */ = {
			isa = XCConfigurationList;
			buildConfigurations = (
				63214D9A244FC931007E8659 /* Debug */,
				63214D9B244FC931007E8659 /* Release */,
			);
			defaultConfigurationIsVisible = 0;
			defaultConfigurationName = Release;
		};
		63214D9C244FC931007E8659 /* Build configuration list for PBXNativeTarget "prueba" */ = {
			isa = XCConfigurationList;
			buildConfigurations = (
				63214D9D244FC931007E8659 /* Debug */,
				63214D9E244FC931007E8659 /* Release */,
			);
			defaultConfigurationIsVisible = 0;
			defaultConfigurationName = Release;
		};
		63214D9F244FC931007E8659 /* Build configuration list for PBXNativeTarget "pruebaTests" */ = {
			isa = XCConfigurationList;
			buildConfigurations = (
				63214DA0244FC931007E8659 /* Debug */,
				63214DA1244FC931007E8659 /* Release */,
			);
			defaultConfigurationIsVisible = 0;
			defaultConfigurationName = Release;
		};
		63214DA2244FC931007E8659 /* Build configuration list for PBXNativeTarget "pruebaUITests" */ = {
			isa = XCConfigurationList;
			buildConfigurations = (
				63214DA3244FC931007E8659 /* Debug */,
				63214DA4244FC931007E8659 /* Release */,
			);
			defaultConfigurationIsVisible = 0;
			defaultConfigurationName = Release;
		};
/* End XCConfigurationList section */
	};
	rootObject = 63214D6A244FC92F007E8659 /* Project object */;
}
